// !$*UTF8*$!
{
	archiveVersion = 1;
	classes = {
	};
	objectVersion = 46;
	objects = {

/* Begin PBXBuildFile section */
		69875EB61B6BF4B9001AEADA /* AppDelegate.swift in Sources */ = {isa = PBXBuildFile; fileRef = 69875EB51B6BF4B9001AEADA /* AppDelegate.swift */; };
		69875EB81B6BF4B9001AEADA /* ViewController.swift in Sources */ = {isa = PBXBuildFile; fileRef = 69875EB71B6BF4B9001AEADA /* ViewController.swift */; };
		69875EBB1B6BF4B9001AEADA /* Main.storyboard in Resources */ = {isa = PBXBuildFile; fileRef = 69875EB91B6BF4B9001AEADA /* Main.storyboard */; };
		69875EBD1B6BF4B9001AEADA /* Images.xcassets in Resources */ = {isa = PBXBuildFile; fileRef = 69875EBC1B6BF4B9001AEADA /* Images.xcassets */; };
		69875EC01B6BF4B9001AEADA /* LaunchScreen.xib in Resources */ = {isa = PBXBuildFile; fileRef = 69875EBE1B6BF4B9001AEADA /* LaunchScreen.xib */; };
		69875ECC1B6BF4B9001AEADA /* ProtocolPoweredTests.swift in Sources */ = {isa = PBXBuildFile; fileRef = 69875ECB1B6BF4B9001AEADA /* ProtocolPoweredTests.swift */; };
/* End PBXBuildFile section */

/* Begin PBXContainerItemProxy section */
		69875EC61B6BF4B9001AEADA /* PBXContainerItemProxy */ = {
			isa = PBXContainerItemProxy;
			containerPortal = 69875EA81B6BF4B9001AEADA /* Project object */;
			proxyType = 1;
			remoteGlobalIDString = 69875EAF1B6BF4B9001AEADA;
			remoteInfo = ProtocolPowered;
		};
/* End PBXContainerItemProxy section */

/* Begin PBXFileReference section */
		69875EB01B6BF4B9001AEADA /* ProtocolPowered.app */ = {isa = PBXFileReference; explicitFileType = wrapper.application; includeInIndex = 0; path = ProtocolPowered.app; sourceTree = BUILT_PRODUCTS_DIR; };
		69875EB41B6BF4B9001AEADA /* Info.plist */ = {isa = PBXFileReference; lastKnownFileType = text.plist.xml; path = Info.plist; sourceTree = "<group>"; };
		69875EB51B6BF4B9001AEADA /* AppDelegate.swift */ = {isa = PBXFileReference; lastKnownFileType = sourcecode.swift; path = AppDelegate.swift; sourceTree = "<group>"; };
		69875EB71B6BF4B9001AEADA /* ViewController.swift */ = {isa = PBXFileReference; lastKnownFileType = sourcecode.swift; path = ViewController.swift; sourceTree = "<group>"; };
		69875EBA1B6BF4B9001AEADA /* Base */ = {isa = PBXFileReference; lastKnownFileType = file.storyboard; name = Base; path = Base.lproj/Main.storyboard; sourceTree = "<group>"; };
		69875EBC1B6BF4B9001AEADA /* Images.xcassets */ = {isa = PBXFileReference; lastKnownFileType = folder.assetcatalog; path = Images.xcassets; sourceTree = "<group>"; };
		69875EBF1B6BF4B9001AEADA /* Base */ = {isa = PBXFileReference; lastKnownFileType = file.xib; name = Base; path = Base.lproj/LaunchScreen.xib; sourceTree = "<group>"; };
		69875EC51B6BF4B9001AEADA /* ProtocolPoweredTests.xctest */ = {isa = PBXFileReference; explicitFileType = wrapper.cfbundle; includeInIndex = 0; path = ProtocolPoweredTests.xctest; sourceTree = BUILT_PRODUCTS_DIR; };
		69875ECA1B6BF4B9001AEADA /* Info.plist */ = {isa = PBXFileReference; lastKnownFileType = text.plist.xml; path = Info.plist; sourceTree = "<group>"; };
		69875ECB1B6BF4B9001AEADA /* ProtocolPoweredTests.swift */ = {isa = PBXFileReference; lastKnownFileType = sourcecode.swift; path = ProtocolPoweredTests.swift; sourceTree = "<group>"; };
/* End PBXFileReference section */

/* Begin PBXFrameworksBuildPhase section */
		69875EAD1B6BF4B9001AEADA /* Frameworks */ = {
			isa = PBXFrameworksBuildPhase;
			buildActionMask = 2147483647;
			files = (
			);
			runOnlyForDeploymentPostprocessing = 0;
		};
		69875EC21B6BF4B9001AEADA /* Frameworks */ = {
			isa = PBXFrameworksBuildPhase;
			buildActionMask = 2147483647;
			files = (
			);
			runOnlyForDeploymentPostprocessing = 0;
		};
/* End PBXFrameworksBuildPhase section */

/* Begin PBXGroup section */
		69875EA71B6BF4B9001AEADA = {
			isa = PBXGroup;
			children = (
				69875EB21B6BF4B9001AEADA /* ProtocolPowered */,
				69875EC81B6BF4B9001AEADA /* ProtocolPoweredTests */,
				69875EB11B6BF4B9001AEADA /* Products */,
			);
			sourceTree = "<group>";
		};
		69875EB11B6BF4B9001AEADA /* Products */ = {
			isa = PBXGroup;
			children = (
				69875EB01B6BF4B9001AEADA /* ProtocolPowered.app */,
				69875EC51B6BF4B9001AEADA /* ProtocolPoweredTests.xctest */,
			);
			name = Products;
			sourceTree = "<group>";
		};
		69875EB21B6BF4B9001AEADA /* ProtocolPowered */ = {
			isa = PBXGroup;
			children = (
				69875EB51B6BF4B9001AEADA /* AppDelegate.swift */,
				69875EB71B6BF4B9001AEADA /* ViewController.swift */,
				69875EB91B6BF4B9001AEADA /* Main.storyboard */,
				69875EBC1B6BF4B9001AEADA /* Images.xcassets */,
				69875EBE1B6BF4B9001AEADA /* LaunchScreen.xib */,
				69875EB31B6BF4B9001AEADA /* Supporting Files */,
			);
			path = ProtocolPowered;
			sourceTree = "<group>";
		};
		69875EB31B6BF4B9001AEADA /* Supporting Files */ = {
			isa = PBXGroup;
			children = (
				69875EB41B6BF4B9001AEADA /* Info.plist */,
			);
			name = "Supporting Files";
			sourceTree = "<group>";
		};
		69875EC81B6BF4B9001AEADA /* ProtocolPoweredTests */ = {
			isa = PBXGroup;
			children = (
				69875ECB1B6BF4B9001AEADA /* ProtocolPoweredTests.swift */,
				69875EC91B6BF4B9001AEADA /* Supporting Files */,
			);
			path = ProtocolPoweredTests;
			sourceTree = "<group>";
		};
		69875EC91B6BF4B9001AEADA /* Supporting Files */ = {
			isa = PBXGroup;
			children = (
				69875ECA1B6BF4B9001AEADA /* Info.plist */,
			);
			name = "Supporting Files";
			sourceTree = "<group>";
		};
/* End PBXGroup section */

/* Begin PBXNativeTarget section */
		69875EAF1B6BF4B9001AEADA /* ProtocolPowered */ = {
			isa = PBXNativeTarget;
			buildConfigurationList = 69875ECF1B6BF4B9001AEADA /* Build configuration list for PBXNativeTarget "ProtocolPowered" */;
			buildPhases = (
				69875EAC1B6BF4B9001AEADA /* Sources */,
				69875EAD1B6BF4B9001AEADA /* Frameworks */,
				69875EAE1B6BF4B9001AEADA /* Resources */,
			);
			buildRules = (
			);
			dependencies = (
			);
			name = ProtocolPowered;
			productName = ProtocolPowered;
			productReference = 69875EB01B6BF4B9001AEADA /* ProtocolPowered.app */;
			productType = "com.apple.product-type.application";
		};
		69875EC41B6BF4B9001AEADA /* ProtocolPoweredTests */ = {
			isa = PBXNativeTarget;
			buildConfigurationList = 69875ED21B6BF4B9001AEADA /* Build configuration list for PBXNativeTarget "ProtocolPoweredTests" */;
			buildPhases = (
				69875EC11B6BF4B9001AEADA /* Sources */,
				69875EC21B6BF4B9001AEADA /* Frameworks */,
				69875EC31B6BF4B9001AEADA /* Resources */,
			);
			buildRules = (
			);
			dependencies = (
				69875EC71B6BF4B9001AEADA /* PBXTargetDependency */,
			);
			name = ProtocolPoweredTests;
			productName = ProtocolPoweredTests;
			productReference = 69875EC51B6BF4B9001AEADA /* ProtocolPoweredTests.xctest */;
			productType = "com.apple.product-type.bundle.unit-test";
		};
/* End PBXNativeTarget section */

/* Begin PBXProject section */
		69875EA81B6BF4B9001AEADA /* Project object */ = {
			isa = PBXProject;
			attributes = {
				LastUpgradeCheck = 0640;
				ORGANIZATIONNAME = "Cillian O'Keeffe";
				TargetAttributes = {
					69875EAF1B6BF4B9001AEADA = {
						CreatedOnToolsVersion = 6.4;
					};
					69875EC41B6BF4B9001AEADA = {
						CreatedOnToolsVersion = 6.4;
						TestTargetID = 69875EAF1B6BF4B9001AEADA;
					};
				};
			};
			buildConfigurationList = 69875EAB1B6BF4B9001AEADA /* Build configuration list for PBXProject "ProtocolPowered" */;
			compatibilityVersion = "Xcode 3.2";
			developmentRegion = English;
			hasScannedForEncodings = 0;
			knownRegions = (
				en,
				Base,
			);
			mainGroup = 69875EA71B6BF4B9001AEADA;
			productRefGroup = 69875EB11B6BF4B9001AEADA /* Products */;
			projectDirPath = "";
			projectRoot = "";
			targets = (
				69875EAF1B6BF4B9001AEADA /* ProtocolPowered */,
				69875EC41B6BF4B9001AEADA /* ProtocolPoweredTests */,
			);
		};
/* End PBXProject section */

/* Begin PBXResourcesBuildPhase section */
		69875EAE1B6BF4B9001AEADA /* Resources */ = {
			isa = PBXResourcesBuildPhase;
			buildActionMask = 2147483647;
			files = (
				69875EBB1B6BF4B9001AEADA /* Main.storyboard in Resources */,
				69875EC01B6BF4B9001AEADA /* LaunchScreen.xib in Resources */,
				69875EBD1B6BF4B9001AEADA /* Images.xcassets in Resources */,
			);
			runOnlyForDeploymentPostprocessing = 0;
		};
		69875EC31B6BF4B9001AEADA /* Resources */ = {
			isa = PBXResourcesBuildPhase;
			buildActionMask = 2147483647;
			files = (
			);
			runOnlyForDeploymentPostprocessing = 0;
		};
/* End PBXResourcesBuildPhase section */

/* Begin PBXSourcesBuildPhase section */
		69875EAC1B6BF4B9001AEADA /* Sources */ = {
			isa = PBXSourcesBuildPhase;
			buildActionMask = 2147483647;
			files = (
				69875EB81B6BF4B9001AEADA /* ViewController.swift in Sources */,
				69875EB61B6BF4B9001AEADA /* AppDelegate.swift in Sources */,
			);
			runOnlyForDeploymentPostprocessing = 0;
		};
		69875EC11B6BF4B9001AEADA /* Sources */ = {
			isa = PBXSourcesBuildPhase;
			buildActionMask = 2147483647;
			files = (
				69875ECC1B6BF4B9001AEADA /* ProtocolPoweredTests.swift in Sources */,
			);
			runOnlyForDeploymentPostprocessing = 0;
		};
/* End PBXSourcesBuildPhase section */

/* Begin PBXTargetDependency section */
		69875EC71B6BF4B9001AEADA /* PBXTargetDependency */ = {
			isa = PBXTargetDependency;
			target = 69875EAF1B6BF4B9001AEADA /* ProtocolPowered */;
			targetProxy = 69875EC61B6BF4B9001AEADA /* PBXContainerItemProxy */;
		};
/* End PBXTargetDependency section */

/* Begin PBXVariantGroup section */
		69875EB91B6BF4B9001AEADA /* Main.storyboard */ = {
			isa = PBXVariantGroup;
			children = (
				69875EBA1B6BF4B9001AEADA /* Base */,
			);
			name = Main.storyboard;
			sourceTree = "<group>";
		};
		69875EBE1B6BF4B9001AEADA /* LaunchScreen.xib */ = {
			isa = PBXVariantGroup;
			children = (
				69875EBF1B6BF4B9001AEADA /* Base */,
			);
			name = LaunchScreen.xib;
			sourceTree = "<group>";
		};
/* End PBXVariantGroup section */

/* Begin XCBuildConfiguration section */
		69875ECD1B6BF4B9001AEADA /* Debug */ = {
			isa = XCBuildConfiguration;
			buildSettings = {
				ALWAYS_SEARCH_USER_PATHS = NO;
				CLANG_CXX_LANGUAGE_STANDARD = "gnu++0x";
				CLANG_CXX_LIBRARY = "libc++";
				CLANG_ENABLE_MODULES = YES;
				CLANG_ENABLE_OBJC_ARC = YES;
				CLANG_WARN_BOOL_CONVERSION = YES;
				CLANG_WARN_CONSTANT_CONVERSION = YES;
				CLANG_WARN_DIRECT_OBJC_ISA_USAGE = YES_ERROR;
				CLANG_WARN_EMPTY_BODY = YES;
				CLANG_WARN_ENUM_CONVERSION = YES;
				CLANG_WARN_INT_CONVERSION = YES;
				CLANG_WARN_OBJC_ROOT_CLASS = YES_ERROR;
				CLANG_WARN_UNREACHABLE_CODE = YES;
				CLANG_WARN__DUPLICATE_METHOD_MATCH = YES;
				"CODE_SIGN_IDENTITY[sdk=iphoneos*]" = "iPhone Developer";
				COPY_PHASE_STRIP = NO;
				DEBUG_INFORMATION_FORMAT = "dwarf-with-dsym";
				ENABLE_STRICT_OBJC_MSGSEND = YES;
				GCC_C_LANGUAGE_STANDARD = gnu99;
				GCC_DYNAMIC_NO_PIC = NO;
				GCC_NO_COMMON_BLOCKS = YES;
				GCC_OPTIMIZATION_LEVEL = 0;
				GCC_PREPROCESSOR_DEFINITIONS = (
					"DEBUG=1",
					"$(inherited)",
				);
				GCC_SYMBOLS_PRIVATE_EXTERN = NO;
				GCC_WARN_64_TO_32_BIT_CONVERSION = YES;
				GCC_WARN_ABOUT_RETURN_TYPE = YES_ERROR;
				GCC_WARN_UNDECLARED_SELECTOR = YES;
				GCC_WARN_UNINITIALIZED_AUTOS = YES_AGGRESSIVE;
				GCC_WARN_UNUSED_FUNCTION = YES;
				GCC_WARN_UNUSED_VARIABLE = YES;
				IPHONEOS_DEPLOYMENT_TARGET = 8.4;
				MTL_ENABLE_DEBUG_INFO = YES;
				ONLY_ACTIVE_ARCH = YES;
				SDKROOT = iphoneos;
				SWIFT_OPTIMIZATION_LEVEL = "-Onone";
			};
			name = Debug;
		};
		69875ECE1B6BF4B9001AEADA /* Release */ = {
			isa = XCBuildConfiguration;
			buildSettings = {
				ALWAYS_SEARCH_USER_PATHS = NO;
				CLANG_CXX_LANGUAGE_STANDARD = "gnu++0x";
				CLANG_CXX_LIBRARY = "libc++";
				CLANG_ENABLE_MODULES = YES;
				CLANG_ENABLE_OBJC_ARC = YES;
				CLANG_WARN_BOOL_CONVERSION = YES;
				CLANG_WARN_CONSTANT_CONVERSION = YES;
				CLANG_WARN_DIRECT_OBJC_ISA_USAGE = YES_ERROR;
				CLANG_WARN_EMPTY_BODY = YES;
				CLANG_WARN_ENUM_CONVERSION = YES;
				CLANG_WARN_INT_CONVERSION = YES;
				CLANG_WARN_OBJC_ROOT_CLASS = YES_ERROR;
				CLANG_WARN_UNREACHABLE_CODE = YES;
				CLANG_WARN__DUPLICATE_METHOD_MATCH = YES;
				"CODE_SIGN_IDENTITY[sdk=iphoneos*]" = "iPhone Developer";
				COPY_PHASE_STRIP = NO;
				DEBUG_INFORMATION_FORMAT = "dwarf-with-dsym";
				ENABLE_NS_ASSERTIONS = NO;
				ENABLE_STRICT_OBJC_MSGSEND = YES;
				GCC_C_LANGUAGE_STANDARD = gnu99;
				GCC_NO_COMMON_BLOCKS = YES;
				GCC_WARN_64_TO_32_BIT_CONVERSION = YES;
				GCC_WARN_ABOUT_RETURN_TYPE = YES_ERROR;
				GCC_WARN_UNDECLARED_SELECTOR = YES;
				GCC_WARN_UNINITIALIZED_AUTOS = YES_AGGRESSIVE;
				GCC_WARN_UNUSED_FUNCTION = YES;
				GCC_WARN_UNUSED_VARIABLE = YES;
				IPHONEOS_DEPLOYMENT_TARGET = 8.4;
				MTL_ENABLE_DEBUG_INFO = NO;
				SDKROOT = iphoneos;
				VALIDATE_PRODUCT = YES;
			};
			name = Release;
		};
		69875ED01B6BF4B9001AEADA /* Debug */ = {
			isa = XCBuildConfiguration;
			buildSettings = {
				ASSETCATALOG_COMPILER_APPICON_NAME = AppIcon;
				INFOPLIST_FILE = ProtocolPowered/Info.plist;
				LD_RUNPATH_SEARCH_PATHS = "$(inherited) @executable_path/Frameworks";
				PRODUCT_NAME = "$(TARGET_NAME)";
			};
			name = Debug;
		};
		69875ED11B6BF4B9001AEADA /* Release */ = {
			isa = XCBuildConfiguration;
			buildSettings = {
				ASSETCATALOG_COMPILER_APPICON_NAME = AppIcon;
				INFOPLIST_FILE = ProtocolPowered/Info.plist;
				LD_RUNPATH_SEARCH_PATHS = "$(inherited) @executable_path/Frameworks";
				PRODUCT_NAME = "$(TARGET_NAME)";
			};
			name = Release;
		};
		69875ED31B6BF4B9001AEADA /* Debug */ = {
			isa = XCBuildConfiguration;
			buildSettings = {
				BUNDLE_LOADER = "$(TEST_HOST)";
				FRAMEWORK_SEARCH_PATHS = (
					"$(SDKROOT)/Developer/Library/Frameworks",
					"$(inherited)",
				);
				GCC_PREPROCESSOR_DEFINITIONS = (
					"DEBUG=1",
					"$(inherited)",
				);
				INFOPLIST_FILE = ProtocolPoweredTests/Info.plist;
				LD_RUNPATH_SEARCH_PATHS = "$(inherited) @executable_path/Frameworks @loader_path/Frameworks";
				PRODUCT_NAME = "$(TARGET_NAME)";
				TEST_HOST = "$(BUILT_PRODUCTS_DIR)/ProtocolPowered.app/ProtocolPowered";
			};
			name = Debug;
		};
		69875ED41B6BF4B9001AEADA /* Release */ = {
			isa = XCBuildConfiguration;
			buildSettings = {
				BUNDLE_LOADER = "$(TEST_HOST)";
				FRAMEWORK_SEARCH_PATHS = (
					"$(SDKROOT)/Developer/Library/Frameworks",
					"$(inherited)",
				);
				INFOPLIST_FILE = ProtocolPoweredTests/Info.plist;
				LD_RUNPATH_SEARCH_PATHS = "$(inherited) @executable_path/Frameworks @loader_path/Frameworks";
				PRODUCT_NAME = "$(TARGET_NAME)";
				TEST_HOST = "$(BUILT_PRODUCTS_DIR)/ProtocolPowered.app/ProtocolPowered";
			};
			name = Release;
		};
/* End XCBuildConfiguration section */

/* Begin XCConfigurationList section */
		69875EAB1B6BF4B9001AEADA /* Build configuration list for PBXProject "ProtocolPowered" */ = {
			isa = XCConfigurationList;
			buildConfigurations = (
				69875ECD1B6BF4B9001AEADA /* Debug */,
				69875ECE1B6BF4B9001AEADA /* Release */,
			);
			defaultConfigurationIsVisible = 0;
			defaultConfigurationName = Release;
		};
		69875ECF1B6BF4B9001AEADA /* Build configuration list for PBXNativeTarget "ProtocolPowered" */ = {
			isa = XCConfigurationList;
			buildConfigurations = (
				69875ED01B6BF4B9001AEADA /* Debug */,
				69875ED11B6BF4B9001AEADA /* Release */,
			);
			defaultConfigurationIsVisible = 0;
		};
		69875ED21B6BF4B9001AEADA /* Build configuration list for PBXNativeTarget "ProtocolPoweredTests" */ = {
			isa = XCConfigurationList;
			buildConfigurations = (
				69875ED31B6BF4B9001AEADA /* Debug */,
				69875ED41B6BF4B9001AEADA /* Release */,
			);
			defaultConfigurationIsVisible = 0;
		};
/* End XCConfigurationList section */
	};
	rootObject = 69875EA81B6BF4B9001AEADA /* Project object */;
}
